// !$*UTF8*$!
{
	archiveVersion = 1;
	classes = {
	};
	objectVersion = 77;
	objects = {

/* Begin PBXBuildFile section */
		4732C2272DBC0861007D337B /* FirebaseStorage in Frameworks */ = {isa = PBXBuildFile; productRef = 4732C2262DBC0861007D337B /* FirebaseStorage */; };
		476924E72DA88C1400E429B7 /* GoogleSignIn in Frameworks */ = {isa = PBXBuildFile; productRef = 476924E62DA88C1400E429B7 /* GoogleSignIn */; };
		476924E92DA88C1400E429B7 /* GoogleSignInSwift in Frameworks */ = {isa = PBXBuildFile; productRef = 476924E82DA88C1400E429B7 /* GoogleSignInSwift */; };
		476924EC2DA88C7300E429B7 /* FirebaseAuth in Frameworks */ = {isa = PBXBuildFile; productRef = 476924EB2DA88C7300E429B7 /* FirebaseAuth */; };
		476924EE2DA88C7300E429B7 /* FirebaseAuthCombine-Community in Frameworks */ = {isa = PBXBuildFile; productRef = 476924ED2DA88C7300E429B7 /* FirebaseAuthCombine-Community */; };
		476924F02DA88C7300E429B7 /* FirebaseCore in Frameworks */ = {isa = PBXBuildFile; productRef = 476924EF2DA88C7300E429B7 /* FirebaseCore */; };
		476924F22DA88C7300E429B7 /* FirebaseFirestore in Frameworks */ = {isa = PBXBuildFile; productRef = 476924F12DA88C7300E429B7 /* FirebaseFirestore */; };
		476924F52DA88CDF00E429B7 /* LinkKit in Frameworks */ = {isa = PBXBuildFile; productRef = 476924F42DA88CDF00E429B7 /* LinkKit */; };
		476924F72DA88D7200E429B7 /* FirebaseAnalytics in Frameworks */ = {isa = PBXBuildFile; productRef = 476924F62DA88D7200E429B7 /* FirebaseAnalytics */; };
		476924F92DA88D7200E429B7 /* FirebaseAppCheck in Frameworks */ = {isa = PBXBuildFile; productRef = 476924F82DA88D7200E429B7 /* FirebaseAppCheck */; };
		476924FB2DA88D7200E429B7 /* FirebaseCrashlytics in Frameworks */ = {isa = PBXBuildFile; productRef = 476924FA2DA88D7200E429B7 /* FirebaseCrashlytics */; };
		476924FD2DA88D7200E429B7 /* FirebaseDatabase in Frameworks */ = {isa = PBXBuildFile; productRef = 476924FC2DA88D7200E429B7 /* FirebaseDatabase */; };
		476924FF2DA88D7200E429B7 /* FirebaseInAppMessaging-Beta in Frameworks */ = {isa = PBXBuildFile; productRef = 476924FE2DA88D7200E429B7 /* FirebaseInAppMessaging-Beta */; };
		476925012DA88D7200E429B7 /* FirebaseMessaging in Frameworks */ = {isa = PBXBuildFile; productRef = 476925002DA88D7200E429B7 /* FirebaseMessaging */; };
		476925032DA88D7200E429B7 /* FirebasePerformance in Frameworks */ = {isa = PBXBuildFile; productRef = 476925022DA88D7200E429B7 /* FirebasePerformance */; };
		476925052DA88D7200E429B7 /* FirebaseRemoteConfig in Frameworks */ = {isa = PBXBuildFile; productRef = 476925042DA88D7200E429B7 /* FirebaseRemoteConfig */; };
/* End PBXBuildFile section */

/* Begin PBXContainerItemProxy section */
		47E690F22DA5A80D00653E82 /* PBXContainerItemProxy */ = {
			isa = PBXContainerItemProxy;
			containerPortal = 47E690DA2DA5A80A00653E82 /* Project object */;
			proxyType = 1;
			remoteGlobalIDString = 47E690E12DA5A80A00653E82;
			remoteInfo = Pennywise;
		};
		47E690FC2DA5A80D00653E82 /* PBXContainerItemProxy */ = {
			isa = PBXContainerItemProxy;
			containerPortal = 47E690DA2DA5A80A00653E82 /* Project object */;
			proxyType = 1;
			remoteGlobalIDString = 47E690E12DA5A80A00653E82;
			remoteInfo = Pennywise;
		};
/* End PBXContainerItemProxy section */

/* Begin PBXFileReference section */
		47E690E22DA5A80A00653E82 /* Pennywise.app */ = {isa = PBXFileReference; explicitFileType = wrapper.application; includeInIndex = 0; path = Pennywise.app; sourceTree = BUILT_PRODUCTS_DIR; };
		47E690F12DA5A80D00653E82 /* PennywiseTests.xctest */ = {isa = PBXFileReference; explicitFileType = wrapper.cfbundle; includeInIndex = 0; path = PennywiseTests.xctest; sourceTree = BUILT_PRODUCTS_DIR; };
		47E690FB2DA5A80D00653E82 /* PennywiseUITests.xctest */ = {isa = PBXFileReference; explicitFileType = wrapper.cfbundle; includeInIndex = 0; path = PennywiseUITests.xctest; sourceTree = BUILT_PRODUCTS_DIR; };
/* End PBXFileReference section */

/* Begin PBXFileSystemSynchronizedBuildFileExceptionSet section */
		4707B2ED2DAE0E8400F2108F /* Exceptions for "Pennywise" folder in "Pennywise" target */ = {
			isa = PBXFileSystemSynchronizedBuildFileExceptionSet;
			membershipExceptions = (
				Info.plist,
			);
			target = 47E690E12DA5A80A00653E82 /* Pennywise */;
		};
/* End PBXFileSystemSynchronizedBuildFileExceptionSet section */

/* Begin PBXFileSystemSynchronizedRootGroup section */
		47E690E42DA5A80A00653E82 /* Pennywise */ = {
			isa = PBXFileSystemSynchronizedRootGroup;
			exceptions = (
				4707B2ED2DAE0E8400F2108F /* Exceptions for "Pennywise" folder in "Pennywise" target */,
			);
			path = Pennywise;
			sourceTree = "<group>";
		};
		47E690F42DA5A80D00653E82 /* PennywiseTests */ = {
			isa = PBXFileSystemSynchronizedRootGroup;
			path = PennywiseTests;
			sourceTree = "<group>";
		};
		47E690FE2DA5A80D00653E82 /* PennywiseUITests */ = {
			isa = PBXFileSystemSynchronizedRootGroup;
			path = PennywiseUITests;
			sourceTree = "<group>";
		};
/* End PBXFileSystemSynchronizedRootGroup section */

/* Begin PBXFrameworksBuildPhase section */
		47E690DF2DA5A80A00653E82 /* Frameworks */ = {
			isa = PBXFrameworksBuildPhase;
			buildActionMask = 2147483647;
			files = (
				476925032DA88D7200E429B7 /* FirebasePerformance in Frameworks */,
				476924E72DA88C1400E429B7 /* GoogleSignIn in Frameworks */,
				476924F02DA88C7300E429B7 /* FirebaseCore in Frameworks */,
				476924F72DA88D7200E429B7 /* FirebaseAnalytics in Frameworks */,
				476924F52DA88CDF00E429B7 /* LinkKit in Frameworks */,
				4732C2272DBC0861007D337B /* FirebaseStorage in Frameworks */,
				476924EC2DA88C7300E429B7 /* FirebaseAuth in Frameworks */,
				476924E92DA88C1400E429B7 /* GoogleSignInSwift in Frameworks */,
				476924EE2DA88C7300E429B7 /* FirebaseAuthCombine-Community in Frameworks */,
				476924FB2DA88D7200E429B7 /* FirebaseCrashlytics in Frameworks */,
				476925052DA88D7200E429B7 /* FirebaseRemoteConfig in Frameworks */,
				476925012DA88D7200E429B7 /* FirebaseMessaging in Frameworks */,
				476924FD2DA88D7200E429B7 /* FirebaseDatabase in Frameworks */,
				476924F92DA88D7200E429B7 /* FirebaseAppCheck in Frameworks */,
				476924F22DA88C7300E429B7 /* FirebaseFirestore in Frameworks */,
				476924FF2DA88D7200E429B7 /* FirebaseInAppMessaging-Beta in Frameworks */,
			);
			runOnlyForDeploymentPostprocessing = 0;
		};
		47E690EE2DA5A80D00653E82 /* Frameworks */ = {
			isa = PBXFrameworksBuildPhase;
			buildActionMask = 2147483647;
			files = (
			);
			runOnlyForDeploymentPostprocessing = 0;
		};
		47E690F82DA5A80D00653E82 /* Frameworks */ = {
			isa = PBXFrameworksBuildPhase;
			buildActionMask = 2147483647;
			files = (
			);
			runOnlyForDeploymentPostprocessing = 0;
		};
/* End PBXFrameworksBuildPhase section */

/* Begin PBXGroup section */
		47E690D92DA5A80A00653E82 = {
			isa = PBXGroup;
			children = (
				47E690E42DA5A80A00653E82 /* Pennywise */,
				47E690F42DA5A80D00653E82 /* PennywiseTests */,
				47E690FE2DA5A80D00653E82 /* PennywiseUITests */,
				47E690E32DA5A80A00653E82 /* Products */,
			);
			sourceTree = "<group>";
		};
		47E690E32DA5A80A00653E82 /* Products */ = {
			isa = PBXGroup;
			children = (
				47E690E22DA5A80A00653E82 /* Pennywise.app */,
				47E690F12DA5A80D00653E82 /* PennywiseTests.xctest */,
				47E690FB2DA5A80D00653E82 /* PennywiseUITests.xctest */,
			);
			name = Products;
			sourceTree = "<group>";
		};
/* End PBXGroup section */

/* Begin PBXNativeTarget section */
		47E690E12DA5A80A00653E82 /* Pennywise */ = {
			isa = PBXNativeTarget;
			buildConfigurationList = 47E691052DA5A80D00653E82 /* Build configuration list for PBXNativeTarget "Pennywise" */;
			buildPhases = (
				47E690DE2DA5A80A00653E82 /* Sources */,
				47E690DF2DA5A80A00653E82 /* Frameworks */,
				47E690E02DA5A80A00653E82 /* Resources */,
			);
			buildRules = (
			);
			dependencies = (
			);
			fileSystemSynchronizedGroups = (
				47E690E42DA5A80A00653E82 /* Pennywise */,
			);
			name = Pennywise;
			packageProductDependencies = (
				476924E62DA88C1400E429B7 /* GoogleSignIn */,
				476924E82DA88C1400E429B7 /* GoogleSignInSwift */,
				476924EB2DA88C7300E429B7 /* FirebaseAuth */,
				476924ED2DA88C7300E429B7 /* FirebaseAuthCombine-Community */,
				476924EF2DA88C7300E429B7 /* FirebaseCore */,
				476924F12DA88C7300E429B7 /* FirebaseFirestore */,
				476924F42DA88CDF00E429B7 /* LinkKit */,
				476924F62DA88D7200E429B7 /* FirebaseAnalytics */,
				476924F82DA88D7200E429B7 /* FirebaseAppCheck */,
				476924FA2DA88D7200E429B7 /* FirebaseCrashlytics */,
				476924FC2DA88D7200E429B7 /* FirebaseDatabase */,
				476924FE2DA88D7200E429B7 /* FirebaseInAppMessaging-Beta */,
				476925002DA88D7200E429B7 /* FirebaseMessaging */,
				476925022DA88D7200E429B7 /* FirebasePerformance */,
				476925042DA88D7200E429B7 /* FirebaseRemoteConfig */,
				4732C2262DBC0861007D337B /* FirebaseStorage */,
			);
			productName = Pennywise;
			productReference = 47E690E22DA5A80A00653E82 /* Pennywise.app */;
			productType = "com.apple.product-type.application";
		};
		47E690F02DA5A80D00653E82 /* PennywiseTests */ = {
			isa = PBXNativeTarget;
			buildConfigurationList = 47E691082DA5A80D00653E82 /* Build configuration list for PBXNativeTarget "PennywiseTests" */;
			buildPhases = (
				47E690ED2DA5A80D00653E82 /* Sources */,
				47E690EE2DA5A80D00653E82 /* Frameworks */,
				47E690EF2DA5A80D00653E82 /* Resources */,
			);
			buildRules = (
			);
			dependencies = (
				47E690F32DA5A80D00653E82 /* PBXTargetDependency */,
			);
			fileSystemSynchronizedGroups = (
				47E690F42DA5A80D00653E82 /* PennywiseTests */,
			);
			name = PennywiseTests;
			packageProductDependencies = (
			);
			productName = PennywiseTests;
			productReference = 47E690F12DA5A80D00653E82 /* PennywiseTests.xctest */;
			productType = "com.apple.product-type.bundle.unit-test";
		};
		47E690FA2DA5A80D00653E82 /* PennywiseUITests */ = {
			isa = PBXNativeTarget;
			buildConfigurationList = 47E6910B2DA5A80D00653E82 /* Build configuration list for PBXNativeTarget "PennywiseUITests" */;
			buildPhases = (
				47E690F72DA5A80D00653E82 /* Sources */,
				47E690F82DA5A80D00653E82 /* Frameworks */,
				47E690F92DA5A80D00653E82 /* Resources */,
			);
			buildRules = (
			);
			dependencies = (
				47E690FD2DA5A80D00653E82 /* PBXTargetDependency */,
			);
			fileSystemSynchronizedGroups = (
				47E690FE2DA5A80D00653E82 /* PennywiseUITests */,
			);
			name = PennywiseUITests;
			packageProductDependencies = (
			);
			productName = PennywiseUITests;
			productReference = 47E690FB2DA5A80D00653E82 /* PennywiseUITests.xctest */;
			productType = "com.apple.product-type.bundle.ui-testing";
		};
/* End PBXNativeTarget section */

/* Begin PBXProject section */
		47E690DA2DA5A80A00653E82 /* Project object */ = {
			isa = PBXProject;
			attributes = {
				BuildIndependentTargetsInParallel = 1;
				LastSwiftUpdateCheck = 1630;
				LastUpgradeCheck = 1630;
				TargetAttributes = {
					47E690E12DA5A80A00653E82 = {
						CreatedOnToolsVersion = 16.3;
					};
					47E690F02DA5A80D00653E82 = {
						CreatedOnToolsVersion = 16.3;
						TestTargetID = 47E690E12DA5A80A00653E82;
					};
					47E690FA2DA5A80D00653E82 = {
						CreatedOnToolsVersion = 16.3;
						TestTargetID = 47E690E12DA5A80A00653E82;
					};
				};
			};
			buildConfigurationList = 47E690DD2DA5A80A00653E82 /* Build configuration list for PBXProject "Pennywise" */;
			developmentRegion = en;
			hasScannedForEncodings = 0;
			knownRegions = (
				en,
				Base,
			);
			mainGroup = 47E690D92DA5A80A00653E82;
			minimizedProjectReferenceProxies = 1;
			packageReferences = (
				476924E52DA88C1400E429B7 /* XCRemoteSwiftPackageReference "GoogleSignIn-iOS" */,
				476924EA2DA88C7300E429B7 /* XCRemoteSwiftPackageReference "firebase-ios-sdk" */,
				476924F32DA88CDF00E429B7 /* XCRemoteSwiftPackageReference "plaid-link-ios-spm" */,
			);
			preferredProjectObjectVersion = 77;
			productRefGroup = 47E690E32DA5A80A00653E82 /* Products */;
			projectDirPath = "";
			projectRoot = "";
			targets = (
				47E690E12DA5A80A00653E82 /* Pennywise */,
				47E690F02DA5A80D00653E82 /* PennywiseTests */,
				47E690FA2DA5A80D00653E82 /* PennywiseUITests */,
			);
		};
/* End PBXProject section */

/* Begin PBXResourcesBuildPhase section */
		47E690E02DA5A80A00653E82 /* Resources */ = {
			isa = PBXResourcesBuildPhase;
			buildActionMask = 2147483647;
			files = (
			);
			runOnlyForDeploymentPostprocessing = 0;
		};
		47E690EF2DA5A80D00653E82 /* Resources */ = {
			isa = PBXResourcesBuildPhase;
			buildActionMask = 2147483647;
			files = (
			);
			runOnlyForDeploymentPostprocessing = 0;
		};
		47E690F92DA5A80D00653E82 /* Resources */ = {
			isa = PBXResourcesBuildPhase;
			buildActionMask = 2147483647;
			files = (
			);
			runOnlyForDeploymentPostprocessing = 0;
		};
/* End PBXResourcesBuildPhase section */

/* Begin PBXSourcesBuildPhase section */
		47E690DE2DA5A80A00653E82 /* Sources */ = {
			isa = PBXSourcesBuildPhase;
			buildActionMask = 2147483647;
			files = (
			);
			runOnlyForDeploymentPostprocessing = 0;
		};
		47E690ED2DA5A80D00653E82 /* Sources */ = {
			isa = PBXSourcesBuildPhase;
			buildActionMask = 2147483647;
			files = (
			);
			runOnlyForDeploymentPostprocessing = 0;
		};
		47E690F72DA5A80D00653E82 /* Sources */ = {
			isa = PBXSourcesBuildPhase;
			buildActionMask = 2147483647;
			files = (
			);
			runOnlyForDeploymentPostprocessing = 0;
		};
/* End PBXSourcesBuildPhase section */

/* Begin PBXTargetDependency section */
		47E690F32DA5A80D00653E82 /* PBXTargetDependency */ = {
			isa = PBXTargetDependency;
			target = 47E690E12DA5A80A00653E82 /* Pennywise */;
			targetProxy = 47E690F22DA5A80D00653E82 /* PBXContainerItemProxy */;
		};
		47E690FD2DA5A80D00653E82 /* PBXTargetDependency */ = {
			isa = PBXTargetDependency;
			target = 47E690E12DA5A80A00653E82 /* Pennywise */;
			targetProxy = 47E690FC2DA5A80D00653E82 /* PBXContainerItemProxy */;
		};
/* End PBXTargetDependency section */

/* Begin XCBuildConfiguration section */
		47E691032DA5A80D00653E82 /* Debug */ = {
			isa = XCBuildConfiguration;
			buildSettings = {
				ALWAYS_SEARCH_USER_PATHS = NO;
				ASSETCATALOG_COMPILER_GENERATE_SWIFT_ASSET_SYMBOL_EXTENSIONS = YES;
				CLANG_ANALYZER_NONNULL = YES;
				CLANG_ANALYZER_NUMBER_OBJECT_CONVERSION = YES_AGGRESSIVE;
				CLANG_CXX_LANGUAGE_STANDARD = "gnu++20";
				CLANG_ENABLE_MODULES = YES;
				CLANG_ENABLE_OBJC_ARC = YES;
				CLANG_ENABLE_OBJC_WEAK = YES;
				CLANG_WARN_BLOCK_CAPTURE_AUTORELEASING = YES;
				CLANG_WARN_BOOL_CONVERSION = YES;
				CLANG_WARN_COMMA = YES;
				CLANG_WARN_CONSTANT_CONVERSION = YES;
				CLANG_WARN_DEPRECATED_OBJC_IMPLEMENTATIONS = YES;
				CLANG_WARN_DIRECT_OBJC_ISA_USAGE = YES_ERROR;
				CLANG_WARN_DOCUMENTATION_COMMENTS = YES;
				CLANG_WARN_EMPTY_BODY = YES;
				CLANG_WARN_ENUM_CONVERSION = YES;
				CLANG_WARN_INFINITE_RECURSION = YES;
				CLANG_WARN_INT_CONVERSION = YES;
				CLANG_WARN_NON_LITERAL_NULL_CONVERSION = YES;
				CLANG_WARN_OBJC_IMPLICIT_RETAIN_SELF = YES;
				CLANG_WARN_OBJC_LITERAL_CONVERSION = YES;
				CLANG_WARN_OBJC_ROOT_CLASS = YES_ERROR;
				CLANG_WARN_QUOTED_INCLUDE_IN_FRAMEWORK_HEADER = YES;
				CLANG_WARN_RANGE_LOOP_ANALYSIS = YES;
				CLANG_WARN_STRICT_PROTOTYPES = YES;
				CLANG_WARN_SUSPICIOUS_MOVE = YES;
				CLANG_WARN_UNGUARDED_AVAILABILITY = YES_AGGRESSIVE;
				CLANG_WARN_UNREACHABLE_CODE = YES;
				CLANG_WARN__DUPLICATE_METHOD_MATCH = YES;
				COPY_PHASE_STRIP = NO;
				DEBUG_INFORMATION_FORMAT = dwarf;
				DEVELOPMENT_TEAM = 6LJNAC4NY5;
				ENABLE_STRICT_OBJC_MSGSEND = YES;
				ENABLE_TESTABILITY = YES;
				ENABLE_USER_SCRIPT_SANDBOXING = YES;
				GCC_C_LANGUAGE_STANDARD = gnu17;
				GCC_DYNAMIC_NO_PIC = NO;
				GCC_NO_COMMON_BLOCKS = YES;
				GCC_OPTIMIZATION_LEVEL = 0;
				GCC_PREPROCESSOR_DEFINITIONS = (
					"DEBUG=1",
					"$(inherited)",
				);
				GCC_WARN_64_TO_32_BIT_CONVERSION = YES;
				GCC_WARN_ABOUT_RETURN_TYPE = YES_ERROR;
				GCC_WARN_UNDECLARED_SELECTOR = YES;
				GCC_WARN_UNINITIALIZED_AUTOS = YES_AGGRESSIVE;
				GCC_WARN_UNUSED_FUNCTION = YES;
				GCC_WARN_UNUSED_VARIABLE = YES;
				IPHONEOS_DEPLOYMENT_TARGET = 18.4;
				LOCALIZATION_PREFERS_STRING_CATALOGS = YES;
				MTL_ENABLE_DEBUG_INFO = INCLUDE_SOURCE;
				MTL_FAST_MATH = YES;
				ONLY_ACTIVE_ARCH = YES;
				SDKROOT = iphoneos;
				SWIFT_ACTIVE_COMPILATION_CONDITIONS = "DEBUG $(inherited)";
				SWIFT_OPTIMIZATION_LEVEL = "-Onone";
			};
			name = Debug;
		};
		47E691042DA5A80D00653E82 /* Release */ = {
			isa = XCBuildConfiguration;
			buildSettings = {
				ALWAYS_SEARCH_USER_PATHS = NO;
				ASSETCATALOG_COMPILER_GENERATE_SWIFT_ASSET_SYMBOL_EXTENSIONS = YES;
				CLANG_ANALYZER_NONNULL = YES;
				CLANG_ANALYZER_NUMBER_OBJECT_CONVERSION = YES_AGGRESSIVE;
				CLANG_CXX_LANGUAGE_STANDARD = "gnu++20";
				CLANG_ENABLE_MODULES = YES;
				CLANG_ENABLE_OBJC_ARC = YES;
				CLANG_ENABLE_OBJC_WEAK = YES;
				CLANG_WARN_BLOCK_CAPTURE_AUTORELEASING = YES;
				CLANG_WARN_BOOL_CONVERSION = YES;
				CLANG_WARN_COMMA = YES;
				CLANG_WARN_CONSTANT_CONVERSION = YES;
				CLANG_WARN_DEPRECATED_OBJC_IMPLEMENTATIONS = YES;
				CLANG_WARN_DIRECT_OBJC_ISA_USAGE = YES_ERROR;
				CLANG_WARN_DOCUMENTATION_COMMENTS = YES;
				CLANG_WARN_EMPTY_BODY = YES;
				CLANG_WARN_ENUM_CONVERSION = YES;
				CLANG_WARN_INFINITE_RECURSION = YES;
				CLANG_WARN_INT_CONVERSION = YES;
				CLANG_WARN_NON_LITERAL_NULL_CONVERSION = YES;
				CLANG_WARN_OBJC_IMPLICIT_RETAIN_SELF = YES;
				CLANG_WARN_OBJC_LITERAL_CONVERSION = YES;
				CLANG_WARN_OBJC_ROOT_CLASS = YES_ERROR;
				CLANG_WARN_QUOTED_INCLUDE_IN_FRAMEWORK_HEADER = YES;
				CLANG_WARN_RANGE_LOOP_ANALYSIS = YES;
				CLANG_WARN_STRICT_PROTOTYPES = YES;
				CLANG_WARN_SUSPICIOUS_MOVE = YES;
				CLANG_WARN_UNGUARDED_AVAILABILITY = YES_AGGRESSIVE;
				CLANG_WARN_UNREACHABLE_CODE = YES;
				CLANG_WARN__DUPLICATE_METHOD_MATCH = YES;
				COPY_PHASE_STRIP = NO;
				DEBUG_INFORMATION_FORMAT = "dwarf-with-dsym";
				DEVELOPMENT_TEAM = 6LJNAC4NY5;
				ENABLE_NS_ASSERTIONS = NO;
				ENABLE_STRICT_OBJC_MSGSEND = YES;
				ENABLE_USER_SCRIPT_SANDBOXING = YES;
				GCC_C_LANGUAGE_STANDARD = gnu17;
				GCC_NO_COMMON_BLOCKS = YES;
				GCC_WARN_64_TO_32_BIT_CONVERSION = YES;
				GCC_WARN_ABOUT_RETURN_TYPE = YES_ERROR;
				GCC_WARN_UNDECLARED_SELECTOR = YES;
				GCC_WARN_UNINITIALIZED_AUTOS = YES_AGGRESSIVE;
				GCC_WARN_UNUSED_FUNCTION = YES;
				GCC_WARN_UNUSED_VARIABLE = YES;
				IPHONEOS_DEPLOYMENT_TARGET = 18.4;
				LOCALIZATION_PREFERS_STRING_CATALOGS = YES;
				MTL_ENABLE_DEBUG_INFO = NO;
				MTL_FAST_MATH = YES;
				SDKROOT = iphoneos;
				SWIFT_COMPILATION_MODE = wholemodule;
				VALIDATE_PRODUCT = YES;
			};
			name = Release;
		};
		47E691062DA5A80D00653E82 /* Debug */ = {
			isa = XCBuildConfiguration;
			buildSettings = {
				ASSETCATALOG_COMPILER_APPICON_NAME = AppIcon;
				ASSETCATALOG_COMPILER_GLOBAL_ACCENT_COLOR_NAME = AccentColor;
				CODE_SIGN_STYLE = Automatic;
				CURRENT_PROJECT_VERSION = 1;
				DEVELOPMENT_TEAM = 6LJNAC4NY5;
				ENABLE_PREVIEWS = YES;
				GENERATE_INFOPLIST_FILE = YES;
				INFOPLIST_FILE = Pennywise/Info.plist;
				INFOPLIST_KEY_NSFaceIDUsageDescription = "Pennywise uses Face ID to securely authenticate your identity and authorize transactions";
				INFOPLIST_KEY_UIApplicationSceneManifest_Generation = YES;
				INFOPLIST_KEY_UIApplicationSupportsIndirectInputEvents = YES;
				INFOPLIST_KEY_UILaunchScreen_Generation = YES;
				INFOPLIST_KEY_UISupportedInterfaceOrientations_iPad = "UIInterfaceOrientationPortrait UIInterfaceOrientationPortraitUpsideDown UIInterfaceOrientationLandscapeLeft UIInterfaceOrientationLandscapeRight";
				INFOPLIST_KEY_UISupportedInterfaceOrientations_iPhone = "UIInterfaceOrientationPortrait UIInterfaceOrientationLandscapeLeft UIInterfaceOrientationLandscapeRight";
				LD_RUNPATH_SEARCH_PATHS = (
					"$(inherited)",
					"@executable_path/Frameworks",
				);
				MARKETING_VERSION = 1.0;
				PRODUCT_BUNDLE_IDENTIFIER = com.INFO6350.Pennywise;
				PRODUCT_NAME = "$(TARGET_NAME)";
				SWIFT_EMIT_LOC_STRINGS = YES;
				SWIFT_VERSION = 5.0;
				TARGETED_DEVICE_FAMILY = "1,2";
			};
			name = Debug;
		};
		47E691072DA5A80D00653E82 /* Release */ = {
			isa = XCBuildConfiguration;
			buildSettings = {
				ASSETCATALOG_COMPILER_APPICON_NAME = AppIcon;
				ASSETCATALOG_COMPILER_GLOBAL_ACCENT_COLOR_NAME = AccentColor;
				CODE_SIGN_STYLE = Automatic;
				CURRENT_PROJECT_VERSION = 1;
				DEVELOPMENT_TEAM = 6LJNAC4NY5;
				ENABLE_PREVIEWS = YES;
				GENERATE_INFOPLIST_FILE = YES;
				INFOPLIST_FILE = Pennywise/Info.plist;
				INFOPLIST_KEY_NSFaceIDUsageDescription = "Pennywise uses Face ID to securely authenticate your identity and authorize transactions";
				INFOPLIST_KEY_UIApplicationSceneManifest_Generation = YES;
				INFOPLIST_KEY_UIApplicationSupportsIndirectInputEvents = YES;
				INFOPLIST_KEY_UILaunchScreen_Generation = YES;
				INFOPLIST_KEY_UISupportedInterfaceOrientations_iPad = "UIInterfaceOrientationPortrait UIInterfaceOrientationPortraitUpsideDown UIInterfaceOrientationLandscapeLeft UIInterfaceOrientationLandscapeRight";
				INFOPLIST_KEY_UISupportedInterfaceOrientations_iPhone = "UIInterfaceOrientationPortrait UIInterfaceOrientationLandscapeLeft UIInterfaceOrientationLandscapeRight";
				LD_RUNPATH_SEARCH_PATHS = (
					"$(inherited)",
					"@executable_path/Frameworks",
				);
				MARKETING_VERSION = 1.0;
				PRODUCT_BUNDLE_IDENTIFIER = com.INFO6350.Pennywise;
				PRODUCT_NAME = "$(TARGET_NAME)";
				SWIFT_EMIT_LOC_STRINGS = YES;
				SWIFT_VERSION = 5.0;
				TARGETED_DEVICE_FAMILY = "1,2";
			};
			name = Release;
		};
		47E691092DA5A80D00653E82 /* Debug */ = {
			isa = XCBuildConfiguration;
			buildSettings = {
				BUNDLE_LOADER = "$(TEST_HOST)";
				CODE_SIGN_STYLE = Automatic;
				CURRENT_PROJECT_VERSION = 1;
				DEVELOPMENT_TEAM = 6LJNAC4NY5;
				GENERATE_INFOPLIST_FILE = YES;
				IPHONEOS_DEPLOYMENT_TARGET = 18.4;
				MARKETING_VERSION = 1.0;
				PRODUCT_BUNDLE_IDENTIFIER = com.INFO6350.PennywiseTests;
				PRODUCT_NAME = "$(TARGET_NAME)";
				SWIFT_EMIT_LOC_STRINGS = NO;
				SWIFT_VERSION = 5.0;
				TARGETED_DEVICE_FAMILY = "1,2";
				TEST_HOST = "$(BUILT_PRODUCTS_DIR)/Pennywise.app/$(BUNDLE_EXECUTABLE_FOLDER_PATH)/Pennywise";
			};
			name = Debug;
		};
		47E6910A2DA5A80D00653E82 /* Release */ = {
			isa = XCBuildConfiguration;
			buildSettings = {
				BUNDLE_LOADER = "$(TEST_HOST)";
				CODE_SIGN_STYLE = Automatic;
				CURRENT_PROJECT_VERSION = 1;
				DEVELOPMENT_TEAM = 6LJNAC4NY5;
				GENERATE_INFOPLIST_FILE = YES;
				IPHONEOS_DEPLOYMENT_TARGET = 18.4;
				MARKETING_VERSION = 1.0;
				PRODUCT_BUNDLE_IDENTIFIER = com.INFO6350.PennywiseTests;
				PRODUCT_NAME = "$(TARGET_NAME)";
				SWIFT_EMIT_LOC_STRINGS = NO;
				SWIFT_VERSION = 5.0;
				TARGETED_DEVICE_FAMILY = "1,2";
				TEST_HOST = "$(BUILT_PRODUCTS_DIR)/Pennywise.app/$(BUNDLE_EXECUTABLE_FOLDER_PATH)/Pennywise";
			};
			name = Release;
		};
		47E6910C2DA5A80D00653E82 /* Debug */ = {
			isa = XCBuildConfiguration;
			buildSettings = {
				CODE_SIGN_STYLE = Automatic;
				CURRENT_PROJECT_VERSION = 1;
				DEVELOPMENT_TEAM = 6LJNAC4NY5;
				GENERATE_INFOPLIST_FILE = YES;
				MARKETING_VERSION = 1.0;
				PRODUCT_BUNDLE_IDENTIFIER = com.INFO6350.PennywiseUITests;
				PRODUCT_NAME = "$(TARGET_NAME)";
				SWIFT_EMIT_LOC_STRINGS = NO;
				SWIFT_VERSION = 5.0;
				TARGETED_DEVICE_FAMILY = "1,2";
				TEST_TARGET_NAME = Pennywise;
			};
			name = Debug;
		};
		47E6910D2DA5A80D00653E82 /* Release */ = {
			isa = XCBuildConfiguration;
			buildSettings = {
				CODE_SIGN_STYLE = Automatic;
				CURRENT_PROJECT_VERSION = 1;
				DEVELOPMENT_TEAM = 6LJNAC4NY5;
				GENERATE_INFOPLIST_FILE = YES;
				MARKETING_VERSION = 1.0;
				PRODUCT_BUNDLE_IDENTIFIER = com.INFO6350.PennywiseUITests;
				PRODUCT_NAME = "$(TARGET_NAME)";
				SWIFT_EMIT_LOC_STRINGS = NO;
				SWIFT_VERSION = 5.0;
				TARGETED_DEVICE_FAMILY = "1,2";
				TEST_TARGET_NAME = Pennywise;
			};
			name = Release;
		};
/* End XCBuildConfiguration section */

/* Begin XCConfigurationList section */
		47E690DD2DA5A80A00653E82 /* Build configuration list for PBXProject "Pennywise" */ = {
			isa = XCConfigurationList;
			buildConfigurations = (
				47E691032DA5A80D00653E82 /* Debug */,
				47E691042DA5A80D00653E82 /* Release */,
			);
			defaultConfigurationIsVisible = 0;
			defaultConfigurationName = Release;
		};
		47E691052DA5A80D00653E82 /* Build configuration list for PBXNativeTarget "Pennywise" */ = {
			isa = XCConfigurationList;
			buildConfigurations = (
				47E691062DA5A80D00653E82 /* Debug */,
				47E691072DA5A80D00653E82 /* Release */,
			);
			defaultConfigurationIsVisible = 0;
			defaultConfigurationName = Release;
		};
		47E691082DA5A80D00653E82 /* Build configuration list for PBXNativeTarget "PennywiseTests" */ = {
			isa = XCConfigurationList;
			buildConfigurations = (
				47E691092DA5A80D00653E82 /* Debug */,
				47E6910A2DA5A80D00653E82 /* Release */,
			);
			defaultConfigurationIsVisible = 0;
			defaultConfigurationName = Release;
		};
		47E6910B2DA5A80D00653E82 /* Build configuration list for PBXNativeTarget "PennywiseUITests" */ = {
			isa = XCConfigurationList;
			buildConfigurations = (
				47E6910C2DA5A80D00653E82 /* Debug */,
				47E6910D2DA5A80D00653E82 /* Release */,
			);
			defaultConfigurationIsVisible = 0;
			defaultConfigurationName = Release;
		};
/* End XCConfigurationList section */

/* Begin XCRemoteSwiftPackageReference section */
		476924E52DA88C1400E429B7 /* XCRemoteSwiftPackageReference "GoogleSignIn-iOS" */ = {
			isa = XCRemoteSwiftPackageReference;
			repositoryURL = "https://github.com/google/GoogleSignIn-iOS";
			requirement = {
				kind = upToNextMajorVersion;
				minimumVersion = 8.0.0;
			};
		};
		476924EA2DA88C7300E429B7 /* XCRemoteSwiftPackageReference "firebase-ios-sdk" */ = {
			isa = XCRemoteSwiftPackageReference;
			repositoryURL = "https://github.com/firebase/firebase-ios-sdk";
			requirement = {
				kind = upToNextMajorVersion;
				minimumVersion = 11.11.0;
			};
		};
		476924F32DA88CDF00E429B7 /* XCRemoteSwiftPackageReference "plaid-link-ios-spm" */ = {
			isa = XCRemoteSwiftPackageReference;
			repositoryURL = "https://github.com/plaid/plaid-link-ios-spm.git";
			requirement = {
				kind = upToNextMajorVersion;
				minimumVersion = 6.0.4;
			};
		};
/* End XCRemoteSwiftPackageReference section */

/* Begin XCSwiftPackageProductDependency section */
		4732C2262DBC0861007D337B /* FirebaseStorage */ = {
			isa = XCSwiftPackageProductDependency;
			package = 476924EA2DA88C7300E429B7 /* XCRemoteSwiftPackageReference "firebase-ios-sdk" */;
			productName = FirebaseStorage;
		};
		476924E62DA88C1400E429B7 /* GoogleSignIn */ = {
			isa = XCSwiftPackageProductDependency;
			package = 476924E52DA88C1400E429B7 /* XCRemoteSwiftPackageReference "GoogleSignIn-iOS" */;
			productName = GoogleSignIn;
		};
		476924E82DA88C1400E429B7 /* GoogleSignInSwift */ = {
			isa = XCSwiftPackageProductDependency;
			package = 476924E52DA88C1400E429B7 /* XCRemoteSwiftPackageReference "GoogleSignIn-iOS" */;
			productName = GoogleSignInSwift;
		};
		476924EB2DA88C7300E429B7 /* FirebaseAuth */ = {
			isa = XCSwiftPackageProductDependency;
			package = 476924EA2DA88C7300E429B7 /* XCRemoteSwiftPackageReference "firebase-ios-sdk" */;
			productName = FirebaseAuth;
		};
		476924ED2DA88C7300E429B7 /* FirebaseAuthCombine-Community */ = {
			isa = XCSwiftPackageProductDependency;
			package = 476924EA2DA88C7300E429B7 /* XCRemoteSwiftPackageReference "firebase-ios-sdk" */;
			productName = "FirebaseAuthCombine-Community";
		};
		476924EF2DA88C7300E429B7 /* FirebaseCore */ = {
			isa = XCSwiftPackageProductDependency;
			package = 476924EA2DA88C7300E429B7 /* XCRemoteSwiftPackageReference "firebase-ios-sdk" */;
			productName = FirebaseCore;
		};
		476924F12DA88C7300E429B7 /* FirebaseFirestore */ = {
			isa = XCSwiftPackageProductDependency;
			package = 476924EA2DA88C7300E429B7 /* XCRemoteSwiftPackageReference "firebase-ios-sdk" */;
			productName = FirebaseFirestore;
		};
		476924F42DA88CDF00E429B7 /* LinkKit */ = {
			isa = XCSwiftPackageProductDependency;
			package = 476924F32DA88CDF00E429B7 /* XCRemoteSwiftPackageReference "plaid-link-ios-spm" */;
			productName = LinkKit;
		};
		476924F62DA88D7200E429B7 /* FirebaseAnalytics */ = {
			isa = XCSwiftPackageProductDependency;
			package = 476924EA2DA88C7300E429B7 /* XCRemoteSwiftPackageReference "firebase-ios-sdk" */;
			productName = FirebaseAnalytics;
		};
		476924F82DA88D7200E429B7 /* FirebaseAppCheck */ = {
			isa = XCSwiftPackageProductDependency;
			package = 476924EA2DA88C7300E429B7 /* XCRemoteSwiftPackageReference "firebase-ios-sdk" */;
			productName = FirebaseAppCheck;
		};
		476924FA2DA88D7200E429B7 /* FirebaseCrashlytics */ = {
			isa = XCSwiftPackageProductDependency;
			package = 476924EA2DA88C7300E429B7 /* XCRemoteSwiftPackageReference "firebase-ios-sdk" */;
			productName = FirebaseCrashlytics;
		};
		476924FC2DA88D7200E429B7 /* FirebaseDatabase */ = {
			isa = XCSwiftPackageProductDependency;
			package = 476924EA2DA88C7300E429B7 /* XCRemoteSwiftPackageReference "firebase-ios-sdk" */;
			productName = FirebaseDatabase;
		};
		476924FE2DA88D7200E429B7 /* FirebaseInAppMessaging-Beta */ = {
			isa = XCSwiftPackageProductDependency;
			package = 476924EA2DA88C7300E429B7 /* XCRemoteSwiftPackageReference "firebase-ios-sdk" */;
			productName = "FirebaseInAppMessaging-Beta";
		};
		476925002DA88D7200E429B7 /* FirebaseMessaging */ = {
			isa = XCSwiftPackageProductDependency;
			package = 476924EA2DA88C7300E429B7 /* XCRemoteSwiftPackageReference "firebase-ios-sdk" */;
			productName = FirebaseMessaging;
		};
		476925022DA88D7200E429B7 /* FirebasePerformance */ = {
			isa = XCSwiftPackageProductDependency;
			package = 476924EA2DA88C7300E429B7 /* XCRemoteSwiftPackageReference "firebase-ios-sdk" */;
			productName = FirebasePerformance;
		};
		476925042DA88D7200E429B7 /* FirebaseRemoteConfig */ = {
			isa = XCSwiftPackageProductDependency;
			package = 476924EA2DA88C7300E429B7 /* XCRemoteSwiftPackageReference "firebase-ios-sdk" */;
			productName = FirebaseRemoteConfig;
		};
/* End XCSwiftPackageProductDependency section */
	};
	rootObject = 47E690DA2DA5A80A00653E82 /* Project object */;
}
